
Microsoft Visual Studio Solution File, Format Version 12.00
# Visual Studio Version 17
VisualStudioVersion = 17.5.002.0
MinimumVisualStudioVersion = 10.0.40219.1
Project("{2150E333-8FDC-42A3-9474-1A3956D46DE8}") = "csharp-prep", "csharp-prep", "{8B328FA7-91C4-4427-A1C2-6CB31C2075C5}"
EndProject
Project("{9A19103F-16F7-4668-BE54-9A1E7A4F7556}") = "Prep1", "csharp-prep\Prep1\Prep1.csproj", "{1C9A4BD4-6B46-4E99-9A9B-953E94505669}"
EndProject
Project("{9A19103F-16F7-4668-BE54-9A1E7A4F7556}") = "Prep2", "csharp-prep\Prep2\Prep2.csproj", "{9C862B10-D648-4617-AB9C-17944173D4F6}"
EndProject
Project("{9A19103F-16F7-4668-BE54-9A1E7A4F7556}") = "Prep3", "csharp-prep\Prep3\Prep3.csproj", "{17564393-7C8C-43E4-A768-2A77163289CE}"
EndProject
Project("{9A19103F-16F7-4668-BE54-9A1E7A4F7556}") = "Prep4", "csharp-prep\Prep4\Prep4.csproj", "{996E2929-034C-4ECB-9DA1-D4CDB944DB22}"
EndProject
Project("{9A19103F-16F7-4668-BE54-9A1E7A4F7556}") = "Prep5", "csharp-prep\Prep5\Prep5.csproj", "{857FE184-0404-41D2-9278-6409DA3AD204}"
EndProject
Project("{2150E333-8FDC-42A3-9474-1A3956D46DE8}") = "final", "final", "{1ABAC7D6-10CC-4E25-8486-54C98547BBA6}"
EndProject
Project("{9A19103F-16F7-4668-BE54-9A1E7A4F7556}") = "FinalProject", "final\FinalProject\FinalProject.csproj", "{7C11B403-1E02-46D0-8F9B-C642B8C74B28}"
EndProject
Project("{9A19103F-16F7-4668-BE54-9A1E7A4F7556}") = "Foundation1", "final\Foundation1\Foundation1.csproj", "{AD197AE6-EA4A-47A4-9C9B-5B05508E8642}"
EndProject
Project("{9A19103F-16F7-4668-BE54-9A1E7A4F7556}") = "Foundation2", "final\Foundation2\Foundation2.csproj", "{FAE13498-3B5F-4FFA-8BCE-A2941BC1A827}"
EndProject
Project("{9A19103F-16F7-4668-BE54-9A1E7A4F7556}") = "Foundation3", "final\Foundation3\Foundation3.csproj", "{8CDBAA63-8575-4FDC-86E6-B7A9A04673B5}"
EndProject
Project("{9A19103F-16F7-4668-BE54-9A1E7A4F7556}") = "Foundation4", "final\Foundation4\Foundation4.csproj", "{6A240B00-A95B-47CE-9BE8-C4B11FA60923}"
EndProject
Project("{2150E333-8FDC-42A3-9474-1A3956D46DE8}") = "prepare", "prepare", "{07B69B3B-27D9-44BD-8B3D-E7FACA6E54E0}"
EndProject
Project("{9A19103F-16F7-4668-BE54-9A1E7A4F7556}") = "Learning02", "prepare\Learning02\Learning02.csproj", "{D249F3A7-E5DC-49A1-9E75-719934935A64}"
EndProject
Project("{9A19103F-16F7-4668-BE54-9A1E7A4F7556}") = "Learning03", "prepare\Learning03\Learning03.csproj", "{8E21F9BA-B838-4638-B887-7ECC44844248}"
EndProject
Project("{9A19103F-16F7-4668-BE54-9A1E7A4F7556}") = "Learning04", "prepare\Learning04\Learning04.csproj", "{15F8D00C-AEB0-4B1B-9E90-AE1466D982BA}"
EndProject
Project("{9A19103F-16F7-4668-BE54-9A1E7A4F7556}") = "Learning05", "prepare\Learning05\Learning05.csproj", "{049ED1D8-9875-4D04-AE00-C4081D317EF8}"
EndProject
Project("{2150E333-8FDC-42A3-9474-1A3956D46DE8}") = "prove", "prove", "{A0C9D91D-C701-48F8-8051-0C5C84F66AA5}"
EndProject
Project("{9A19103F-16F7-4668-BE54-9A1E7A4F7556}") = "Develop02", "prove\Develop02\Develop02.csproj", "{3C80E3C5-C559-4EDF-82C4-9D23B9B1D370}"
EndProject
Project("{9A19103F-16F7-4668-BE54-9A1E7A4F7556}") = "Develop03", "prove\Develop03\Develop03.csproj", "{5BCEFCE0-24BE-40EB-8D3B-34008F23F178}"
EndProject
Project("{9A19103F-16F7-4668-BE54-9A1E7A4F7556}") = "Develop04", "prove\Develop04\Develop04.csproj", "{DD6AF4D0-B2E2-4CAC-ADBE-765802C5D3A4}"
EndProject
Project("{9A19103F-16F7-4668-BE54-9A1E7A4F7556}") = "Develop05", "prove\Develop05\Develop05.csproj", "{362985BD-DAF6-4036-BC46-AA50E3BFB692}"
EndProject
Project("{2150E333-8FDC-42A3-9474-1A3956D46DE8}") = "sandbox", "sandbox", "{293B7447-B6BD-409A-B9D3-5B2E3D3B4D5E}"
EndProject
Project("{9A19103F-16F7-4668-BE54-9A1E7A4F7556}") = "Sandbox", "sandbox\Sandbox\Sandbox.csproj", "{F03D3A8F-9570-47EB-A59E-192D1EE451D0}"
EndProject
Global
	GlobalSection(SolutionConfigurationPlatforms) = preSolution
		Debug|Any CPU = Debug|Any CPU
		Release|Any CPU = Release|Any CPU
	EndGlobalSection
	GlobalSection(ProjectConfigurationPlatforms) = postSolution
		{1C9A4BD4-6B46-4E99-9A9B-953E94505669}.Debug|Any CPU.ActiveCfg = Debug|Any CPU
		{1C9A4BD4-6B46-4E99-9A9B-953E94505669}.Debug|Any CPU.Build.0 = Debug|Any CPU
		{1C9A4BD4-6B46-4E99-9A9B-953E94505669}.Release|Any CPU.ActiveCfg = Release|Any CPU
		{1C9A4BD4-6B46-4E99-9A9B-953E94505669}.Release|Any CPU.Build.0 = Release|Any CPU
		{9C862B10-D648-4617-AB9C-17944173D4F6}.Debug|Any CPU.ActiveCfg = Debug|Any CPU
		{9C862B10-D648-4617-AB9C-17944173D4F6}.Debug|Any CPU.Build.0 = Debug|Any CPU
		{9C862B10-D648-4617-AB9C-17944173D4F6}.Release|Any CPU.ActiveCfg = Release|Any CPU
		{9C862B10-D648-4617-AB9C-17944173D4F6}.Release|Any CPU.Build.0 = Release|Any CPU
		{17564393-7C8C-43E4-A768-2A77163289CE}.Debug|Any CPU.ActiveCfg = Debug|Any CPU
		{17564393-7C8C-43E4-A768-2A77163289CE}.Debug|Any CPU.Build.0 = Debug|Any CPU
		{17564393-7C8C-43E4-A768-2A77163289CE}.Release|Any CPU.ActiveCfg = Release|Any CPU
		{17564393-7C8C-43E4-A768-2A77163289CE}.Release|Any CPU.Build.0 = Release|Any CPU
		{996E2929-034C-4ECB-9DA1-D4CDB944DB22}.Debug|Any CPU.ActiveCfg = Debug|Any CPU
		{996E2929-034C-4ECB-9DA1-D4CDB944DB22}.Debug|Any CPU.Build.0 = Debug|Any CPU
		{996E2929-034C-4ECB-9DA1-D4CDB944DB22}.Release|Any CPU.ActiveCfg = Release|Any CPU
		{996E2929-034C-4ECB-9DA1-D4CDB944DB22}.Release|Any CPU.Build.0 = Release|Any CPU
		{857FE184-0404-41D2-9278-6409DA3AD204}.Debug|Any CPU.ActiveCfg = Debug|Any CPU
		{857FE184-0404-41D2-9278-6409DA3AD204}.Debug|Any CPU.Build.0 = Debug|Any CPU
		{857FE184-0404-41D2-9278-6409DA3AD204}.Release|Any CPU.ActiveCfg = Release|Any CPU
		{857FE184-0404-41D2-9278-6409DA3AD204}.Release|Any CPU.Build.0 = Release|Any CPU
		{7C11B403-1E02-46D0-8F9B-C642B8C74B28}.Debug|Any CPU.ActiveCfg = Debug|Any CPU
		{7C11B403-1E02-46D0-8F9B-C642B8C74B28}.Debug|Any CPU.Build.0 = Debug|Any CPU
		{7C11B403-1E02-46D0-8F9B-C642B8C74B28}.Release|Any CPU.ActiveCfg = Release|Any CPU
		{7C11B403-1E02-46D0-8F9B-C642B8C74B28}.Release|Any CPU.Build.0 = Release|Any CPU
		{AD197AE6-EA4A-47A4-9C9B-5B05508E8642}.Debug|Any CPU.ActiveCfg = Debug|Any CPU
		{AD197AE6-EA4A-47A4-9C9B-5B05508E8642}.Debug|Any CPU.Build.0 = Debug|Any CPU
		{AD197AE6-EA4A-47A4-9C9B-5B05508E8642}.Release|Any CPU.ActiveCfg = Release|Any CPU
		{AD197AE6-EA4A-47A4-9C9B-5B05508E8642}.Release|Any CPU.Build.0 = Release|Any CPU
		{FAE13498-3B5F-4FFA-8BCE-A2941BC1A827}.Debug|Any CPU.ActiveCfg = Debug|Any CPU
		{FAE13498-3B5F-4FFA-8BCE-A2941BC1A827}.Debug|Any CPU.Build.0 = Debug|Any CPU
		{FAE13498-3B5F-4FFA-8BCE-A2941BC1A827}.Release|Any CPU.ActiveCfg = Release|Any CPU
		{FAE13498-3B5F-4FFA-8BCE-A2941BC1A827}.Release|Any CPU.Build.0 = Release|Any CPU
		{8CDBAA63-8575-4FDC-86E6-B7A9A04673B5}.Debug|Any CPU.ActiveCfg = Debug|Any CPU
		{8CDBAA63-8575-4FDC-86E6-B7A9A04673B5}.Debug|Any CPU.Build.0 = Debug|Any CPU
		{8CDBAA63-8575-4FDC-86E6-B7A9A04673B5}.Release|Any CPU.ActiveCfg = Release|Any CPU
		{8CDBAA63-8575-4FDC-86E6-B7A9A04673B5}.Release|Any CPU.Build.0 = Release|Any CPU
		{6A240B00-A95B-47CE-9BE8-C4B11FA60923}.Debug|Any CPU.ActiveCfg = Debug|Any CPU
		{6A240B00-A95B-47CE-9BE8-C4B11FA60923}.Debug|Any CPU.Build.0 = Debug|Any CPU
		{6A240B00-A95B-47CE-9BE8-C4B11FA60923}.Release|Any CPU.ActiveCfg = Release|Any CPU
		{6A240B00-A95B-47CE-9BE8-C4B11FA60923}.Release|Any CPU.Build.0 = Release|Any CPU
		{D249F3A7-E5DC-49A1-9E75-719934935A64}.Debug|Any CPU.ActiveCfg = Debug|Any CPU
		{D249F3A7-E5DC-49A1-9E75-719934935A64}.Debug|Any CPU.Build.0 = Debug|Any CPU
		{D249F3A7-E5DC-49A1-9E75-719934935A64}.Release|Any CPU.ActiveCfg = Release|Any CPU
		{D249F3A7-E5DC-49A1-9E75-719934935A64}.Release|Any CPU.Build.0 = Release|Any CPU
		{8E21F9BA-B838-4638-B887-7ECC44844248}.Debug|Any CPU.ActiveCfg = Debug|Any CPU
		{8E21F9BA-B838-4638-B887-7ECC44844248}.Debug|Any CPU.Build.0 = Debug|Any CPU
		{8E21F9BA-B838-4638-B887-7ECC44844248}.Release|Any CPU.ActiveCfg = Release|Any CPU
		{8E21F9BA-B838-4638-B887-7ECC44844248}.Release|Any CPU.Build.0 = Release|Any CPU
		{15F8D00C-AEB0-4B1B-9E90-AE1466D982BA}.Debug|Any CPU.ActiveCfg = Debug|Any CPU
		{15F8D00C-AEB0-4B1B-9E90-AE1466D982BA}.Debug|Any CPU.Build.0 = Debug|Any CPU
		{15F8D00C-AEB0-4B1B-9E90-AE1466D982BA}.Release|Any CPU.ActiveCfg = Release|Any CPU
		{15F8D00C-AEB0-4B1B-9E90-AE1466D982BA}.Release|Any CPU.Build.0 = Release|Any CPU
		{049ED1D8-9875-4D04-AE00-C4081D317EF8}.Debug|Any CPU.ActiveCfg = Debug|Any CPU
		{049ED1D8-9875-4D04-AE00-C4081D317EF8}.Debug|Any CPU.Build.0 = Debug|Any CPU
		{049ED1D8-9875-4D04-AE00-C4081D317EF8}.Release|Any CPU.ActiveCfg = Release|Any CPU
		{049ED1D8-9875-4D04-AE00-C4081D317EF8}.Release|Any CPU.Build.0 = Release|Any CPU
		{3C80E3C5-C559-4EDF-82C4-9D23B9B1D370}.Debug|Any CPU.ActiveCfg = Debug|Any CPU
		{3C80E3C5-C559-4EDF-82C4-9D23B9B1D370}.Debug|Any CPU.Build.0 = Debug|Any CPU
		{3C80E3C5-C559-4EDF-82C4-9D23B9B1D370}.Release|Any CPU.ActiveCfg = Release|Any CPU
		{3C80E3C5-C559-4EDF-82C4-9D23B9B1D370}.Release|Any CPU.Build.0 = Release|Any CPU
		{5BCEFCE0-24BE-40EB-8D3B-34008F23F178}.Debug|Any CPU.ActiveCfg = Debug|Any CPU
		{5BCEFCE0-24BE-40EB-8D3B-34008F23F178}.Debug|Any CPU.Build.0 = Debug|Any CPU
		{5BCEFCE0-24BE-40EB-8D3B-34008F23F178}.Release|Any CPU.ActiveCfg = Release|Any CPU
		{5BCEFCE0-24BE-40EB-8D3B-34008F23F178}.Release|Any CPU.Build.0 = Release|Any CPU
		{DD6AF4D0-B2E2-4CAC-ADBE-765802C5D3A4}.Debug|Any CPU.ActiveCfg = Debug|Any CPU
		{DD6AF4D0-B2E2-4CAC-ADBE-765802C5D3A4}.Debug|Any CPU.Build.0 = Debug|Any CPU
		{DD6AF4D0-B2E2-4CAC-ADBE-765802C5D3A4}.Release|Any CPU.ActiveCfg = Release|Any CPU
		{DD6AF4D0-B2E2-4CAC-ADBE-765802C5D3A4}.Release|Any CPU.Build.0 = Release|Any CPU
		{362985BD-DAF6-4036-BC46-AA50E3BFB692}.Debug|Any CPU.ActiveCfg = Debug|Any CPU
		{362985BD-DAF6-4036-BC46-AA50E3BFB692}.Debug|Any CPU.Build.0 = Debug|Any CPU
		{362985BD-DAF6-4036-BC46-AA50E3BFB692}.Release|Any CPU.ActiveCfg = Release|Any CPU
		{362985BD-DAF6-4036-BC46-AA50E3BFB692}.Release|Any CPU.Build.0 = Release|Any CPU
		{F03D3A8F-9570-47EB-A59E-192D1EE451D0}.Debug|Any CPU.ActiveCfg = Debug|Any CPU
		{F03D3A8F-9570-47EB-A59E-192D1EE451D0}.Debug|Any CPU.Build.0 = Debug|Any CPU
		{F03D3A8F-9570-47EB-A59E-192D1EE451D0}.Release|Any CPU.ActiveCfg = Release|Any CPU
		{F03D3A8F-9570-47EB-A59E-192D1EE451D0}.Release|Any CPU.Build.0 = Release|Any CPU
	EndGlobalSection
	GlobalSection(SolutionProperties) = preSolution
		HideSolutionNode = FALSE
	EndGlobalSection
	GlobalSection(NestedProjects) = preSolution
		{1C9A4BD4-6B46-4E99-9A9B-953E94505669} = {8B328FA7-91C4-4427-A1C2-6CB31C2075C5}
		{9C862B10-D648-4617-AB9C-17944173D4F6} = {8B328FA7-91C4-4427-A1C2-6CB31C2075C5}
		{17564393-7C8C-43E4-A768-2A77163289CE} = {8B328FA7-91C4-4427-A1C2-6CB31C2075C5}
		{996E2929-034C-4ECB-9DA1-D4CDB944DB22} = {8B328FA7-91C4-4427-A1C2-6CB31C2075C5}
		{857FE184-0404-41D2-9278-6409DA3AD204} = {8B328FA7-91C4-4427-A1C2-6CB31C2075C5}
		{7C11B403-1E02-46D0-8F9B-C642B8C74B28} = {1ABAC7D6-10CC-4E25-8486-54C98547BBA6}
		{AD197AE6-EA4A-47A4-9C9B-5B05508E8642} = {1ABAC7D6-10CC-4E25-8486-54C98547BBA6}
		{FAE13498-3B5F-4FFA-8BCE-A2941BC1A827} = {1ABAC7D6-10CC-4E25-8486-54C98547BBA6}
		{8CDBAA63-8575-4FDC-86E6-B7A9A04673B5} = {1ABAC7D6-10CC-4E25-8486-54C98547BBA6}
		{6A240B00-A95B-47CE-9BE8-C4B11FA60923} = {1ABAC7D6-10CC-4E25-8486-54C98547BBA6}
		{D249F3A7-E5DC-49A1-9E75-719934935A64} = {07B69B3B-27D9-44BD-8B3D-E7FACA6E54E0}
		{8E21F9BA-B838-4638-B887-7ECC44844248} = {07B69B3B-27D9-44BD-8B3D-E7FACA6E54E0}
		{15F8D00C-AEB0-4B1B-9E90-AE1466D982BA} = {07B69B3B-27D9-44BD-8B3D-E7FACA6E54E0}
		{049ED1D8-9875-4D04-AE00-C4081D317EF8} = {07B69B3B-27D9-44BD-8B3D-E7FACA6E54E0}
		{3C80E3C5-C559-4EDF-82C4-9D23B9B1D370} = {A0C9D91D-C701-48F8-8051-0C5C84F66AA5}
		{5BCEFCE0-24BE-40EB-8D3B-34008F23F178} = {A0C9D91D-C701-48F8-8051-0C5C84F66AA5}
		{DD6AF4D0-B2E2-4CAC-ADBE-765802C5D3A4} = {A0C9D91D-C701-48F8-8051-0C5C84F66AA5}
		{362985BD-DAF6-4036-BC46-AA50E3BFB692} = {A0C9D91D-C701-48F8-8051-0C5C84F66AA5}
		{F03D3A8F-9570-47EB-A59E-192D1EE451D0} = {293B7447-B6BD-409A-B9D3-5B2E3D3B4D5E}
	EndGlobalSection
	GlobalSection(ExtensibilityGlobals) = postSolution
		SolutionGuid = {DB8B9BDC-7C8B-4888-A1AD-22C96DA7B5D7}
	EndGlobalSection
EndGlobal
